
Microsoft Visual Studio Solution File, Format Version 12.00
# Visual Studio Version 17
VisualStudioVersion = 17.5.002.0
MinimumVisualStudioVersion = 10.0.40219.1
Project("{9A19103F-16F7-4668-BE54-9A1E7A4F7556}") = "DaySeven", "DaySeven.csproj", "{2BE56477-30B5-4C63-B2D7-C74F90D6DD49}"
EndProject
Global
	GlobalSection(SolutionConfigurationPlatforms) = preSolution
		Debug|Any CPU = Debug|Any CPU
		Release|Any CPU = Release|Any CPU
	EndGlobalSection
	GlobalSection(ProjectConfigurationPlatforms) = postSolution
		{2BE56477-30B5-4C63-B2D7-C74F90D6DD49}.Debug|Any CPU.ActiveCfg = Debug|Any CPU
		{2BE56477-30B5-4C63-B2D7-C74F90D6DD49}.Debug|Any CPU.Build.0 = Debug|Any CPU
		{2BE56477-30B5-4C63-B2D7-C74F90D6DD49}.Release|Any CPU.ActiveCfg = Release|Any CPU
		{2BE56477-30B5-4C63-B2D7-C74F90D6DD49}.Release|Any CPU.Build.0 = Release|Any CPU
	EndGlobalSection
	GlobalSection(SolutionProperties) = preSolution
		HideSolutionNode = FALSE
	EndGlobalSection
	GlobalSection(ExtensibilityGlobals) = postSolution
		SolutionGuid = {8C24DF87-2FD2-452C-89F8-384D19CEB2B9}
	EndGlobalSection
EndGlobal
